
Microsoft Visual Studio Solution File, Format Version 12.00
# Visual Studio Version 17
VisualStudioVersion = 17.3.32901.215
MinimumVisualStudioVersion = 10.0.40219.1
Project("{FAE04EC0-301F-11D3-BF4B-00C04F79EFBC}") = "internacia", "internacia\internacia.csproj", "{8124EB88-109E-45B8-B609-A88A79A57C1B}"
EndProject
Global
	GlobalSection(SolutionConfigurationPlatforms) = preSolution
		Debug|Any CPU = Debug|Any CPU
		Release|Any CPU = Release|Any CPU
	EndGlobalSection
	GlobalSection(ProjectConfigurationPlatforms) = postSolution
		{8124EB88-109E-45B8-B609-A88A79A57C1B}.Debug|Any CPU.ActiveCfg = Debug|Any CPU
		{8124EB88-109E-45B8-B609-A88A79A57C1B}.Debug|Any CPU.Build.0 = Debug|Any CPU
		{8124EB88-109E-45B8-B609-A88A79A57C1B}.Release|Any CPU.ActiveCfg = Release|Any CPU
		{8124EB88-109E-45B8-B609-A88A79A57C1B}.Release|Any CPU.Build.0 = Release|Any CPU
	EndGlobalSection
	GlobalSection(SolutionProperties) = preSolution
		HideSolutionNode = FALSE
	EndGlobalSection
	GlobalSection(ExtensibilityGlobals) = postSolution
		SolutionGuid = {2FD706FA-E411-4858-8099-CBF8D9BDF549}
	EndGlobalSection
EndGlobal
